
Microsoft Visual Studio Solution File, Format Version 12.00
# Visual Studio Version 17
VisualStudioVersion = 17.8.34408.163
MinimumVisualStudioVersion = 10.0.40219.1
Project("{2150E333-8FDC-42A3-9474-1A3956D46DE8}") = "FrontEnd", "FrontEnd", "{4D33C72B-E785-4389-8641-07917C9B8D2B}"
EndProject
Project("{2150E333-8FDC-42A3-9474-1A3956D46DE8}") = "Services", "Services", "{2B499455-3A76-452C-892A-BDA1E7B8CD00}"
EndProject
Project("{9A19103F-16F7-4668-BE54-9A1E7A4F7556}") = "FeallesBaseApi", "Fealles\FeallesBaseApi.csproj", "{D209B0FF-C96F-418A-A29D-4B094DBE72D2}"
EndProject
Project("{9A19103F-16F7-4668-BE54-9A1E7A4F7556}") = "IdentityApi", "IdentityService\IdentityApi.csproj", "{53AC62B4-A6D5-4813-B436-D17403E13A7E}"
EndProject
Project("{9A19103F-16F7-4668-BE54-9A1E7A4F7556}") = "WebApi", "WebApi\WebApi.csproj", "{8B228DAC-08C7-4D79-90C7-7B22A82ADA7C}"
EndProject
Project("{9A19103F-16F7-4668-BE54-9A1E7A4F7556}") = "AfgangTilgangApi", "AfgangTilgang\AfgangTilgangApi.csproj", "{BDD254BF-F91A-4018-BF0C-01BFB72DC5C0}"
EndProject
Project("{9A19103F-16F7-4668-BE54-9A1E7A4F7556}") = "AllsandApi", "AllsandApi\AllsandApi.csproj", "{5571A595-BA60-444E-B369-C67234B48681}"
EndProject
Project("{9A19103F-16F7-4668-BE54-9A1E7A4F7556}") = "Dato1822Api", "Dato1822Api\Dato1822Api.csproj", "{A6095F35-C2B8-4E63-8D71-AD5B7505D3BA}"
EndProject
Project("{9A19103F-16F7-4668-BE54-9A1E7A4F7556}") = "ArrestprotokollerApi", "ArrestprotokollerApi\ArrestprotokollerApi.csproj", "{222B788E-4F4B-4FC3-8EA7-65E0D2CB08D0}"
EndProject
Project("{9A19103F-16F7-4668-BE54-9A1E7A4F7556}") = "BegravelseApi", "BegravelseApi\BegravelseApi.csproj", "{96BDC5AB-76DC-4422-A9D2-824D85871D39}"
EndProject
Project("{9A19103F-16F7-4668-BE54-9A1E7A4F7556}") = "BorgerskabApi", "BorgerskabApi\BorgerskabApi.csproj", "{AE8F4826-DC86-4374-B476-DE827FA560E5}"
EndProject
Project("{9A19103F-16F7-4668-BE54-9A1E7A4F7556}") = "BørnRøApi", "BørnRøApi\BørnRøApi.csproj", "{488D8BE0-E987-49B1-9D44-4836000AAB9C}"
EndProject
Project("{9A19103F-16F7-4668-BE54-9A1E7A4F7556}") = "ChristiansøApi", "ChristiansøApi\ChristiansøApi.csproj", "{7A95F961-DD65-4F03-8DBA-B638853AEF03}"
EndProject
Project("{9A19103F-16F7-4668-BE54-9A1E7A4F7556}") = "FotoApi", "FotoApi\FotoApi.csproj", "{68110797-B5CF-41E8-AB16-B1089A03C1E3}"
EndProject
Project("{9A19103F-16F7-4668-BE54-9A1E7A4F7556}") = "FT1845Api", "FT1845Api\FT1845Api.csproj", "{C2D79C4C-D23B-4000-B190-3EB7B072021B}"
EndProject
Project("{FAE04EC0-301F-11D3-BF4B-00C04F79EFBC}") = "FæsteProtokollerBog", "FT1845\FæsteProtokollerBog.csproj", "{450CFFCB-6262-47E6-ABD4-2AD324965F4B}"
EndProject
Global
	GlobalSection(SolutionConfigurationPlatforms) = preSolution
		Debug|Any CPU = Debug|Any CPU
		Release|Any CPU = Release|Any CPU
	EndGlobalSection
	GlobalSection(ProjectConfigurationPlatforms) = postSolution
		{D209B0FF-C96F-418A-A29D-4B094DBE72D2}.Debug|Any CPU.ActiveCfg = Debug|Any CPU
		{D209B0FF-C96F-418A-A29D-4B094DBE72D2}.Debug|Any CPU.Build.0 = Debug|Any CPU
		{D209B0FF-C96F-418A-A29D-4B094DBE72D2}.Release|Any CPU.ActiveCfg = Release|Any CPU
		{D209B0FF-C96F-418A-A29D-4B094DBE72D2}.Release|Any CPU.Build.0 = Release|Any CPU
		{53AC62B4-A6D5-4813-B436-D17403E13A7E}.Debug|Any CPU.ActiveCfg = Debug|Any CPU
		{53AC62B4-A6D5-4813-B436-D17403E13A7E}.Debug|Any CPU.Build.0 = Debug|Any CPU
		{53AC62B4-A6D5-4813-B436-D17403E13A7E}.Release|Any CPU.ActiveCfg = Release|Any CPU
		{53AC62B4-A6D5-4813-B436-D17403E13A7E}.Release|Any CPU.Build.0 = Release|Any CPU
		{8B228DAC-08C7-4D79-90C7-7B22A82ADA7C}.Debug|Any CPU.ActiveCfg = Debug|Any CPU
		{8B228DAC-08C7-4D79-90C7-7B22A82ADA7C}.Debug|Any CPU.Build.0 = Debug|Any CPU
		{8B228DAC-08C7-4D79-90C7-7B22A82ADA7C}.Release|Any CPU.ActiveCfg = Release|Any CPU
		{8B228DAC-08C7-4D79-90C7-7B22A82ADA7C}.Release|Any CPU.Build.0 = Release|Any CPU
		{BDD254BF-F91A-4018-BF0C-01BFB72DC5C0}.Debug|Any CPU.ActiveCfg = Debug|Any CPU
		{BDD254BF-F91A-4018-BF0C-01BFB72DC5C0}.Debug|Any CPU.Build.0 = Debug|Any CPU
		{BDD254BF-F91A-4018-BF0C-01BFB72DC5C0}.Release|Any CPU.ActiveCfg = Release|Any CPU
		{BDD254BF-F91A-4018-BF0C-01BFB72DC5C0}.Release|Any CPU.Build.0 = Release|Any CPU
		{5571A595-BA60-444E-B369-C67234B48681}.Debug|Any CPU.ActiveCfg = Debug|Any CPU
		{5571A595-BA60-444E-B369-C67234B48681}.Debug|Any CPU.Build.0 = Debug|Any CPU
		{5571A595-BA60-444E-B369-C67234B48681}.Release|Any CPU.ActiveCfg = Release|Any CPU
		{5571A595-BA60-444E-B369-C67234B48681}.Release|Any CPU.Build.0 = Release|Any CPU
		{A6095F35-C2B8-4E63-8D71-AD5B7505D3BA}.Debug|Any CPU.ActiveCfg = Debug|Any CPU
		{A6095F35-C2B8-4E63-8D71-AD5B7505D3BA}.Debug|Any CPU.Build.0 = Debug|Any CPU
		{A6095F35-C2B8-4E63-8D71-AD5B7505D3BA}.Release|Any CPU.ActiveCfg = Release|Any CPU
		{A6095F35-C2B8-4E63-8D71-AD5B7505D3BA}.Release|Any CPU.Build.0 = Release|Any CPU
		{222B788E-4F4B-4FC3-8EA7-65E0D2CB08D0}.Debug|Any CPU.ActiveCfg = Debug|Any CPU
		{222B788E-4F4B-4FC3-8EA7-65E0D2CB08D0}.Debug|Any CPU.Build.0 = Debug|Any CPU
		{222B788E-4F4B-4FC3-8EA7-65E0D2CB08D0}.Release|Any CPU.ActiveCfg = Release|Any CPU
		{222B788E-4F4B-4FC3-8EA7-65E0D2CB08D0}.Release|Any CPU.Build.0 = Release|Any CPU
		{96BDC5AB-76DC-4422-A9D2-824D85871D39}.Debug|Any CPU.ActiveCfg = Debug|Any CPU
		{96BDC5AB-76DC-4422-A9D2-824D85871D39}.Debug|Any CPU.Build.0 = Debug|Any CPU
		{96BDC5AB-76DC-4422-A9D2-824D85871D39}.Release|Any CPU.ActiveCfg = Release|Any CPU
		{96BDC5AB-76DC-4422-A9D2-824D85871D39}.Release|Any CPU.Build.0 = Release|Any CPU
		{AE8F4826-DC86-4374-B476-DE827FA560E5}.Debug|Any CPU.ActiveCfg = Debug|Any CPU
		{AE8F4826-DC86-4374-B476-DE827FA560E5}.Debug|Any CPU.Build.0 = Debug|Any CPU
		{AE8F4826-DC86-4374-B476-DE827FA560E5}.Release|Any CPU.ActiveCfg = Release|Any CPU
		{AE8F4826-DC86-4374-B476-DE827FA560E5}.Release|Any CPU.Build.0 = Release|Any CPU
		{488D8BE0-E987-49B1-9D44-4836000AAB9C}.Debug|Any CPU.ActiveCfg = Debug|Any CPU
		{488D8BE0-E987-49B1-9D44-4836000AAB9C}.Debug|Any CPU.Build.0 = Debug|Any CPU
		{488D8BE0-E987-49B1-9D44-4836000AAB9C}.Release|Any CPU.ActiveCfg = Release|Any CPU
		{488D8BE0-E987-49B1-9D44-4836000AAB9C}.Release|Any CPU.Build.0 = Release|Any CPU
		{7A95F961-DD65-4F03-8DBA-B638853AEF03}.Debug|Any CPU.ActiveCfg = Debug|Any CPU
		{7A95F961-DD65-4F03-8DBA-B638853AEF03}.Debug|Any CPU.Build.0 = Debug|Any CPU
		{7A95F961-DD65-4F03-8DBA-B638853AEF03}.Release|Any CPU.ActiveCfg = Release|Any CPU
		{7A95F961-DD65-4F03-8DBA-B638853AEF03}.Release|Any CPU.Build.0 = Release|Any CPU
		{68110797-B5CF-41E8-AB16-B1089A03C1E3}.Debug|Any CPU.ActiveCfg = Debug|Any CPU
		{68110797-B5CF-41E8-AB16-B1089A03C1E3}.Debug|Any CPU.Build.0 = Debug|Any CPU
		{68110797-B5CF-41E8-AB16-B1089A03C1E3}.Release|Any CPU.ActiveCfg = Release|Any CPU
		{68110797-B5CF-41E8-AB16-B1089A03C1E3}.Release|Any CPU.Build.0 = Release|Any CPU
		{C2D79C4C-D23B-4000-B190-3EB7B072021B}.Debug|Any CPU.ActiveCfg = Debug|Any CPU
		{C2D79C4C-D23B-4000-B190-3EB7B072021B}.Debug|Any CPU.Build.0 = Debug|Any CPU
		{C2D79C4C-D23B-4000-B190-3EB7B072021B}.Release|Any CPU.ActiveCfg = Release|Any CPU
		{C2D79C4C-D23B-4000-B190-3EB7B072021B}.Release|Any CPU.Build.0 = Release|Any CPU
		{450CFFCB-6262-47E6-ABD4-2AD324965F4B}.Debug|Any CPU.ActiveCfg = Debug|Any CPU
		{450CFFCB-6262-47E6-ABD4-2AD324965F4B}.Debug|Any CPU.Build.0 = Debug|Any CPU
		{450CFFCB-6262-47E6-ABD4-2AD324965F4B}.Release|Any CPU.ActiveCfg = Release|Any CPU
		{450CFFCB-6262-47E6-ABD4-2AD324965F4B}.Release|Any CPU.Build.0 = Release|Any CPU
	EndGlobalSection
	GlobalSection(SolutionProperties) = preSolution
		HideSolutionNode = FALSE
	EndGlobalSection
	GlobalSection(NestedProjects) = preSolution
		{D209B0FF-C96F-418A-A29D-4B094DBE72D2} = {2B499455-3A76-452C-892A-BDA1E7B8CD00}
		{53AC62B4-A6D5-4813-B436-D17403E13A7E} = {2B499455-3A76-452C-892A-BDA1E7B8CD00}
		{8B228DAC-08C7-4D79-90C7-7B22A82ADA7C} = {4D33C72B-E785-4389-8641-07917C9B8D2B}
		{BDD254BF-F91A-4018-BF0C-01BFB72DC5C0} = {2B499455-3A76-452C-892A-BDA1E7B8CD00}
		{5571A595-BA60-444E-B369-C67234B48681} = {2B499455-3A76-452C-892A-BDA1E7B8CD00}
		{A6095F35-C2B8-4E63-8D71-AD5B7505D3BA} = {2B499455-3A76-452C-892A-BDA1E7B8CD00}
		{222B788E-4F4B-4FC3-8EA7-65E0D2CB08D0} = {2B499455-3A76-452C-892A-BDA1E7B8CD00}
		{96BDC5AB-76DC-4422-A9D2-824D85871D39} = {2B499455-3A76-452C-892A-BDA1E7B8CD00}
		{AE8F4826-DC86-4374-B476-DE827FA560E5} = {2B499455-3A76-452C-892A-BDA1E7B8CD00}
		{488D8BE0-E987-49B1-9D44-4836000AAB9C} = {2B499455-3A76-452C-892A-BDA1E7B8CD00}
		{7A95F961-DD65-4F03-8DBA-B638853AEF03} = {2B499455-3A76-452C-892A-BDA1E7B8CD00}
		{68110797-B5CF-41E8-AB16-B1089A03C1E3} = {2B499455-3A76-452C-892A-BDA1E7B8CD00}
		{C2D79C4C-D23B-4000-B190-3EB7B072021B} = {2B499455-3A76-452C-892A-BDA1E7B8CD00}
		{450CFFCB-6262-47E6-ABD4-2AD324965F4B} = {2B499455-3A76-452C-892A-BDA1E7B8CD00}
	EndGlobalSection
	GlobalSection(ExtensibilityGlobals) = postSolution
		SolutionGuid = {1E7F7E54-E558-46DB-8C4C-48F538F0040E}
	EndGlobalSection
EndGlobal
